<?xml version="1.0" encoding="utf-8"?>
<Project ToolsVersion="4.0" xmlns="http://schemas.microsoft.com/developer/msbuild/2003">
  <ItemGroup>
    <Filter Include="源文件">
      <UniqueIdentifier>{4FC737F1-C7A5-4376-A066-2A32D752A2FF}</UniqueIdentifier>
      <Extensions>cpp;c;cc;cxx;def;odl;idl;hpj;bat;asm;asmx</Extensions>
    </Filter>
    <Filter Include="头文件">
      <UniqueIdentifier>{93995380-89BD-4b04-88EB-625FBE52EBFB}</UniqueIdentifier>
      <Extensions>h;hh;hpp;hxx;hm;inl;inc;xsd</Extensions>
    </Filter>
    <Filter Include="资源文件">
      <UniqueIdentifier>{67DA6AB6-F800-4c08-8B7A-83BB121AAD01}</UniqueIdentifier>
      <Extensions>rc;ico;cur;bmp;dlg;rc2;rct;bin;rgs;gif;jpg;jpeg;jpe;resx;tiff;tif;png;wav;mfcribbon-ms</Extensions>
    </Filter>
    <Filter Include="ClientCommand">
      <UniqueIdentifier>{5848fa3e-e211-4dbd-9e2c-832e90ec2716}</UniqueIdentifier>
    </Filter>
    <Filter Include="Utility">
      <UniqueIdentifier>{a67748c4-666a-4b70-93b4-49c921cce8f0}</UniqueIdentifier>
    </Filter>
    <Filter Include="ClientCommand\proto">
      <UniqueIdentifier>{a031e42c-84b2-4973-977d-b79dd2e4e9f8}</UniqueIdentifier>
    </Filter>
  </ItemGroup>
  <ItemGroup>
    <ClCompile Include="Server.cpp">
      <Filter>源文件</Filter>
    </ClCompile>
    <ClCompile Include="simple_server.cpp">
      <Filter>源文件</Filter>
    </ClCompile>
    <ClCompile Include="PlayerManager.cpp">
      <Filter>源文件</Filter>
    </ClCompile>
    <ClCompile Include="ClientMsgCenter.cpp">
      <Filter>源文件</Filter>
    </ClCompile>
    <ClCompile Include="ClientCommand\data.pb.cc">
      <Filter>ClientCommand</Filter>
    </ClCompile>
    <ClCompile Include="ClientCommand\game.pb.cc">
      <Filter>ClientCommand</Filter>
    </ClCompile>
    <ClCompile Include="ClientCommand\gm.pb.cc">
      <Filter>ClientCommand</Filter>
    </ClCompile>
    <ClCompile Include="ClientCommand\login_msg.pb.cc">
      <Filter>ClientCommand</Filter>
    </ClCompile>
    <ClCompile Include="ClientCommand\mail.pb.cc">
      <Filter>ClientCommand</Filter>
    </ClCompile>
    <ClCompile Include="ClientCommand\message.pb.cc">
      <Filter>ClientCommand</Filter>
    </ClCompile>
    <ClCompile Include="ClientCommand\pet.pb.cc">
      <Filter>ClientCommand</Filter>
    </ClCompile>
    <ClCompile Include="ClientCommand\play.pb.cc">
      <Filter>ClientCommand</Filter>
    </ClCompile>
    <ClCompile Include="ClientCommand\save.pb.cc">
      <Filter>ClientCommand</Filter>
    </ClCompile>
    <ClCompile Include="ClientCommand\server.pb.cc">
      <Filter>ClientCommand</Filter>
    </ClCompile>
    <ClCompile Include="ClientCommand\shop.pb.cc">
      <Filter>ClientCommand</Filter>
    </ClCompile>
    <ClCompile Include="PlayerConnection.cpp">
      <Filter>源文件</Filter>
    </ClCompile>
    <ClCompile Include="Player.cpp">
      <Filter>源文件</Filter>
    </ClCompile>
    <ClCompile Include="ConnectionMsgCenter.cpp">
      <Filter>源文件</Filter>
    </ClCompile>
    <ClCompile Include="Player_Play.cpp">
      <Filter>源文件</Filter>
    </ClCompile>
    <ClCompile Include="GameLogic.cpp">
      <Filter>源文件</Filter>
    </ClCompile>
    <ClCompile Include="CsvReader.cpp">
      <Filter>源文件</Filter>
    </ClCompile>
    <ClCompile Include="TableManager.cpp">
      <Filter>源文件</Filter>
    </ClCompile>
    <ClCompile Include="Player_Bag.cpp">
      <Filter>源文件</Filter>
    </ClCompile>
    <ClCompile Include="Player_Rank.cpp">
      <Filter>源文件</Filter>
    </ClCompile>
    <ClCompile Include="Player_Shop.cpp">
      <Filter>源文件</Filter>
    </ClCompile>
  </ItemGroup>
  <ItemGroup>
    <ClInclude Include="Server.h">
      <Filter>头文件</Filter>
    </ClInclude>
    <ClInclude Include="PlayerManager.h">
      <Filter>头文件</Filter>
    </ClInclude>
    <ClInclude Include="ClientMsgCenter.h">
      <Filter>头文件</Filter>
    </ClInclude>
    <ClInclude Include="ClientCommand\data.pb.h">
      <Filter>ClientCommand</Filter>
    </ClInclude>
    <ClInclude Include="ClientCommand\game.pb.h">
      <Filter>ClientCommand</Filter>
    </ClInclude>
    <ClInclude Include="ClientCommand\gm.pb.h">
      <Filter>ClientCommand</Filter>
    </ClInclude>
    <ClInclude Include="ClientCommand\login_msg.pb.h">
      <Filter>ClientCommand</Filter>
    </ClInclude>
    <ClInclude Include="ClientCommand\mail.pb.h">
      <Filter>ClientCommand</Filter>
    </ClInclude>
    <ClInclude Include="ClientCommand\message.pb.h">
      <Filter>ClientCommand</Filter>
    </ClInclude>
    <ClInclude Include="ClientCommand\pet.pb.h">
      <Filter>ClientCommand</Filter>
    </ClInclude>
    <ClInclude Include="ClientCommand\play.pb.h">
      <Filter>ClientCommand</Filter>
    </ClInclude>
    <ClInclude Include="ClientCommand\save.pb.h">
      <Filter>ClientCommand</Filter>
    </ClInclude>
    <ClInclude Include="ClientCommand\server.pb.h">
      <Filter>ClientCommand</Filter>
    </ClInclude>
    <ClInclude Include="ClientCommand\shop.pb.h">
      <Filter>ClientCommand</Filter>
    </ClInclude>
    <ClInclude Include="PlayerConnection.h">
      <Filter>头文件</Filter>
    </ClInclude>
    <ClInclude Include="Utility\singleton.h">
      <Filter>Utility</Filter>
    </ClInclude>
    <ClInclude Include="Utility\utility.h">
      <Filter>Utility</Filter>
    </ClInclude>
    <ClInclude Include="Utility\define.h">
      <Filter>Utility</Filter>
    </ClInclude>
    <ClInclude Include="Player.h">
      <Filter>头文件</Filter>
    </ClInclude>
    <ClInclude Include="ConnectionMsgCenter.h">
      <Filter>头文件</Filter>
    </ClInclude>
    <ClInclude Include="GameLogic.h">
      <Filter>头文件</Filter>
    </ClInclude>
    <ClInclude Include="CsvReader.h">
      <Filter>头文件</Filter>
    </ClInclude>
    <ClInclude Include="TableManager.h">
      <Filter>头文件</Filter>
    </ClInclude>
    <ClInclude Include="Game_Define.h">
      <Filter>头文件</Filter>
    </ClInclude>
  </ItemGroup>
  <ItemGroup>
    <None Include="ClientCommand\data.proto">
      <Filter>ClientCommand\proto</Filter>
    </None>
    <None Include="ClientCommand\game.proto">
      <Filter>ClientCommand\proto</Filter>
    </None>
    <None Include="ClientCommand\gm.proto">
      <Filter>ClientCommand\proto</Filter>
    </None>
    <None Include="ClientCommand\login_msg.proto">
      <Filter>ClientCommand\proto</Filter>
    </None>
    <None Include="ClientCommand\mail.proto">
      <Filter>ClientCommand\proto</Filter>
    </None>
    <None Include="ClientCommand\message.proto">
      <Filter>ClientCommand\proto</Filter>
    </None>
    <None Include="ClientCommand\pet.proto">
      <Filter>ClientCommand\proto</Filter>
    </None>
    <None Include="ClientCommand\play.proto">
      <Filter>ClientCommand\proto</Filter>
    </None>
    <None Include="ClientCommand\save.proto">
      <Filter>ClientCommand\proto</Filter>
    </None>
    <None Include="ClientCommand\server.proto">
      <Filter>ClientCommand\proto</Filter>
    </None>
    <None Include="ClientCommand\shop.proto">
      <Filter>ClientCommand\proto</Filter>
    </None>
  </ItemGroup>
</Project>